
Microsoft Visual Studio Solution File, Format Version 12.00
# Visual Studio Version 16
VisualStudioVersion = 16.0.30225.117
MinimumVisualStudioVersion = 10.0.40219.1
Project("{FAE04EC0-301F-11D3-BF4B-00C04F79EFBC}") = "AdvancedMedical", "AdvancedMedical\AdvancedMedical.csproj", "{67F68F29-896E-4945-93D2-004E1D3D911A}"
EndProject
Global
	GlobalSection(SolutionConfigurationPlatforms) = preSolution
		Debug|Any CPU = Debug|Any CPU
		Release|Any CPU = Release|Any CPU
	EndGlobalSection
	GlobalSection(ProjectConfigurationPlatforms) = postSolution
		{67F68F29-896E-4945-93D2-004E1D3D911A}.Debug|Any CPU.ActiveCfg = Debug|Any CPU
		{67F68F29-896E-4945-93D2-004E1D3D911A}.Debug|Any CPU.Build.0 = Debug|Any CPU
		{67F68F29-896E-4945-93D2-004E1D3D911A}.Release|Any CPU.ActiveCfg = Release|Any CPU
		{67F68F29-896E-4945-93D2-004E1D3D911A}.Release|Any CPU.Build.0 = Release|Any CPU
	EndGlobalSection
	GlobalSection(SolutionProperties) = preSolution
		HideSolutionNode = FALSE
	EndGlobalSection
	GlobalSection(ExtensibilityGlobals) = postSolution
		SolutionGuid = {6811E745-28AD-4E41-9A46-09FBC9BC064C}
	EndGlobalSection
EndGlobal
